
Microsoft Visual Studio Solution File, Format Version 12.00
# Visual Studio 15
VisualStudioVersion = 15.0.27703.2047
MinimumVisualStudioVersion = 10.0.40219.1
Project("{9A19103F-16F7-4668-BE54-9A1E7A4F7556}") = "PortalApp", "PortalApp.csproj", "{602D5177-2B71-47AC-A8EB-F8C8E76B83BC}"
EndProject
Global
	GlobalSection(SolutionConfigurationPlatforms) = preSolution
		Debug|Any CPU = Debug|Any CPU
		Release|Any CPU = Release|Any CPU
	EndGlobalSection
	GlobalSection(ProjectConfigurationPlatforms) = postSolution
		{602D5177-2B71-47AC-A8EB-F8C8E76B83BC}.Debug|Any CPU.ActiveCfg = Debug|Any CPU
		{602D5177-2B71-47AC-A8EB-F8C8E76B83BC}.Debug|Any CPU.Build.0 = Debug|Any CPU
		{602D5177-2B71-47AC-A8EB-F8C8E76B83BC}.Release|Any CPU.ActiveCfg = Release|Any CPU
		{602D5177-2B71-47AC-A8EB-F8C8E76B83BC}.Release|Any CPU.Build.0 = Release|Any CPU
	EndGlobalSection
	GlobalSection(SolutionProperties) = preSolution
		HideSolutionNode = FALSE
	EndGlobalSection
	GlobalSection(ExtensibilityGlobals) = postSolution
		SolutionGuid = {B3BEB1B9-CC18-46FF-8A86-B794C7DFFCDA}
	EndGlobalSection
EndGlobal
